
Microsoft Visual Studio Solution File, Format Version 12.00
# Visual Studio Version 17
VisualStudioVersion = 17.5.33530.505
MinimumVisualStudioVersion = 10.0.40219.1
Project("{2150E333-8FDC-42A3-9474-1A3956D46DE8}") = "Customer", "Customer", "{E9CE41C8-A4F8-49E0-B492-284863891277}"
EndProject
Project("{2150E333-8FDC-42A3-9474-1A3956D46DE8}") = "src", "src", "{A4A02E19-8826-4784-8D9F-8E0366922995}"
EndProject
Project("{2150E333-8FDC-42A3-9474-1A3956D46DE8}") = "test", "test", "{7715CF6A-3C67-4593-84A4-AC57BB745909}"
EndProject
Project("{9A19103F-16F7-4668-BE54-9A1E7A4F7556}") = "Customer.API", "Customer\src\Customer.API\Customer.API.csproj", "{57BCDB21-7FC4-435F-84D0-A5DBF76CB700}"
EndProject
Project("{9A19103F-16F7-4668-BE54-9A1E7A4F7556}") = "Customer.Business", "Customer\src\Customer.Business\Customer.Business.csproj", "{B3AD89E5-7B53-48B0-9282-8EC0E8EB0149}"
EndProject
Project("{9A19103F-16F7-4668-BE54-9A1E7A4F7556}") = "Customer.Domain", "Customer\src\Customer.Domain\Customer.Domain.csproj", "{D9F81915-D9C4-4CC3-BBF6-9E00A678CAD4}"
EndProject
Project("{9A19103F-16F7-4668-BE54-9A1E7A4F7556}") = "Customer.Infrastructure", "Customer\src\Customer.Infrastructure\Customer.Infrastructure.csproj", "{5771931A-2B8E-4823-9201-B5A1F0D20A1E}"
EndProject
Project("{9A19103F-16F7-4668-BE54-9A1E7A4F7556}") = "Customer.API.Tests", "Customer\test\Customer.API.Tests\Customer.API.Tests.csproj", "{6978CDC8-828B-47A8-A169-90C3D9578166}"
EndProject
Project("{2150E333-8FDC-42A3-9474-1A3956D46DE8}") = "Account", "Account", "{5377AE80-6721-4EDC-B3EA-EC6F86A69E73}"
EndProject
Project("{2150E333-8FDC-42A3-9474-1A3956D46DE8}") = "src", "src", "{E1D8F1EF-3496-4164-AC92-E8BC6CEAE3C1}"
EndProject
Project("{2150E333-8FDC-42A3-9474-1A3956D46DE8}") = "test", "test", "{82DD0670-D8F5-4108-917F-5EA56707CF84}"
EndProject
Project("{FAE04EC0-301F-11D3-BF4B-00C04F79EFBC}") = "Account.API", "Account\src\Account.API\Account.API.csproj", "{F4233932-ABDC-4DA5-97F7-40BF437E5A00}"
EndProject
Project("{FAE04EC0-301F-11D3-BF4B-00C04F79EFBC}") = "Account.Business", "Account\src\Account.Business\Account.Business.csproj", "{574F8C4F-EED9-4400-870C-DC08E9E86A87}"
EndProject
Project("{FAE04EC0-301F-11D3-BF4B-00C04F79EFBC}") = "Account.Domain", "Account\src\Account.Domain\Account.Domain.csproj", "{3746E7BD-04B1-4A00-9531-6EAEA541D455}"
EndProject
Project("{FAE04EC0-301F-11D3-BF4B-00C04F79EFBC}") = "Account.Infrastructure", "Account\src\Account.Infrastructure\Account.Infrastructure.csproj", "{1FAD85BC-CEE2-4100-BBC4-9F7D343CAE9C}"
EndProject
Project("{2150E333-8FDC-42A3-9474-1A3956D46DE8}") = "Common", "Common", "{EFA392D4-1593-4997-9F60-C4B049BF3120}"
EndProject
Project("{2150E333-8FDC-42A3-9474-1A3956D46DE8}") = "src", "src", "{A7B20F0C-7F41-4278-BC30-F6EA203D5F36}"
EndProject
Project("{2150E333-8FDC-42A3-9474-1A3956D46DE8}") = "test", "test", "{A7D996E0-FF13-4C86-B370-E1D7AD402D15}"
EndProject
Project("{FAE04EC0-301F-11D3-BF4B-00C04F79EFBC}") = "DigitalBanking.Common", "Common\src\DigitalBanking.Common\DigitalBanking.Common.csproj", "{9EF13650-4B8F-4D85-BD63-B46798C0F644}"
EndProject
Global
	GlobalSection(SolutionConfigurationPlatforms) = preSolution
		Debug|Any CPU = Debug|Any CPU
		Release|Any CPU = Release|Any CPU
	EndGlobalSection
	GlobalSection(ProjectConfigurationPlatforms) = postSolution
		{57BCDB21-7FC4-435F-84D0-A5DBF76CB700}.Debug|Any CPU.ActiveCfg = Debug|Any CPU
		{57BCDB21-7FC4-435F-84D0-A5DBF76CB700}.Debug|Any CPU.Build.0 = Debug|Any CPU
		{57BCDB21-7FC4-435F-84D0-A5DBF76CB700}.Release|Any CPU.ActiveCfg = Release|Any CPU
		{57BCDB21-7FC4-435F-84D0-A5DBF76CB700}.Release|Any CPU.Build.0 = Release|Any CPU
		{B3AD89E5-7B53-48B0-9282-8EC0E8EB0149}.Debug|Any CPU.ActiveCfg = Debug|Any CPU
		{B3AD89E5-7B53-48B0-9282-8EC0E8EB0149}.Debug|Any CPU.Build.0 = Debug|Any CPU
		{B3AD89E5-7B53-48B0-9282-8EC0E8EB0149}.Release|Any CPU.ActiveCfg = Release|Any CPU
		{B3AD89E5-7B53-48B0-9282-8EC0E8EB0149}.Release|Any CPU.Build.0 = Release|Any CPU
		{D9F81915-D9C4-4CC3-BBF6-9E00A678CAD4}.Debug|Any CPU.ActiveCfg = Debug|Any CPU
		{D9F81915-D9C4-4CC3-BBF6-9E00A678CAD4}.Debug|Any CPU.Build.0 = Debug|Any CPU
		{D9F81915-D9C4-4CC3-BBF6-9E00A678CAD4}.Release|Any CPU.ActiveCfg = Release|Any CPU
		{D9F81915-D9C4-4CC3-BBF6-9E00A678CAD4}.Release|Any CPU.Build.0 = Release|Any CPU
		{5771931A-2B8E-4823-9201-B5A1F0D20A1E}.Debug|Any CPU.ActiveCfg = Debug|Any CPU
		{5771931A-2B8E-4823-9201-B5A1F0D20A1E}.Debug|Any CPU.Build.0 = Debug|Any CPU
		{5771931A-2B8E-4823-9201-B5A1F0D20A1E}.Release|Any CPU.ActiveCfg = Release|Any CPU
		{5771931A-2B8E-4823-9201-B5A1F0D20A1E}.Release|Any CPU.Build.0 = Release|Any CPU
		{6978CDC8-828B-47A8-A169-90C3D9578166}.Debug|Any CPU.ActiveCfg = Debug|Any CPU
		{6978CDC8-828B-47A8-A169-90C3D9578166}.Debug|Any CPU.Build.0 = Debug|Any CPU
		{6978CDC8-828B-47A8-A169-90C3D9578166}.Release|Any CPU.ActiveCfg = Release|Any CPU
		{6978CDC8-828B-47A8-A169-90C3D9578166}.Release|Any CPU.Build.0 = Release|Any CPU
		{F4233932-ABDC-4DA5-97F7-40BF437E5A00}.Debug|Any CPU.ActiveCfg = Debug|Any CPU
		{F4233932-ABDC-4DA5-97F7-40BF437E5A00}.Debug|Any CPU.Build.0 = Debug|Any CPU
		{F4233932-ABDC-4DA5-97F7-40BF437E5A00}.Release|Any CPU.ActiveCfg = Release|Any CPU
		{F4233932-ABDC-4DA5-97F7-40BF437E5A00}.Release|Any CPU.Build.0 = Release|Any CPU
		{574F8C4F-EED9-4400-870C-DC08E9E86A87}.Debug|Any CPU.ActiveCfg = Debug|Any CPU
		{574F8C4F-EED9-4400-870C-DC08E9E86A87}.Debug|Any CPU.Build.0 = Debug|Any CPU
		{574F8C4F-EED9-4400-870C-DC08E9E86A87}.Release|Any CPU.ActiveCfg = Release|Any CPU
		{574F8C4F-EED9-4400-870C-DC08E9E86A87}.Release|Any CPU.Build.0 = Release|Any CPU
		{3746E7BD-04B1-4A00-9531-6EAEA541D455}.Debug|Any CPU.ActiveCfg = Debug|Any CPU
		{3746E7BD-04B1-4A00-9531-6EAEA541D455}.Debug|Any CPU.Build.0 = Debug|Any CPU
		{3746E7BD-04B1-4A00-9531-6EAEA541D455}.Release|Any CPU.ActiveCfg = Release|Any CPU
		{3746E7BD-04B1-4A00-9531-6EAEA541D455}.Release|Any CPU.Build.0 = Release|Any CPU
		{1FAD85BC-CEE2-4100-BBC4-9F7D343CAE9C}.Debug|Any CPU.ActiveCfg = Debug|Any CPU
		{1FAD85BC-CEE2-4100-BBC4-9F7D343CAE9C}.Debug|Any CPU.Build.0 = Debug|Any CPU
		{1FAD85BC-CEE2-4100-BBC4-9F7D343CAE9C}.Release|Any CPU.ActiveCfg = Release|Any CPU
		{1FAD85BC-CEE2-4100-BBC4-9F7D343CAE9C}.Release|Any CPU.Build.0 = Release|Any CPU
		{9EF13650-4B8F-4D85-BD63-B46798C0F644}.Debug|Any CPU.ActiveCfg = Debug|Any CPU
		{9EF13650-4B8F-4D85-BD63-B46798C0F644}.Debug|Any CPU.Build.0 = Debug|Any CPU
		{9EF13650-4B8F-4D85-BD63-B46798C0F644}.Release|Any CPU.ActiveCfg = Release|Any CPU
		{9EF13650-4B8F-4D85-BD63-B46798C0F644}.Release|Any CPU.Build.0 = Release|Any CPU
	EndGlobalSection
	GlobalSection(SolutionProperties) = preSolution
		HideSolutionNode = FALSE
	EndGlobalSection
	GlobalSection(NestedProjects) = preSolution
		{A4A02E19-8826-4784-8D9F-8E0366922995} = {E9CE41C8-A4F8-49E0-B492-284863891277}
		{7715CF6A-3C67-4593-84A4-AC57BB745909} = {E9CE41C8-A4F8-49E0-B492-284863891277}
		{57BCDB21-7FC4-435F-84D0-A5DBF76CB700} = {A4A02E19-8826-4784-8D9F-8E0366922995}
		{B3AD89E5-7B53-48B0-9282-8EC0E8EB0149} = {A4A02E19-8826-4784-8D9F-8E0366922995}
		{D9F81915-D9C4-4CC3-BBF6-9E00A678CAD4} = {A4A02E19-8826-4784-8D9F-8E0366922995}
		{5771931A-2B8E-4823-9201-B5A1F0D20A1E} = {A4A02E19-8826-4784-8D9F-8E0366922995}
		{6978CDC8-828B-47A8-A169-90C3D9578166} = {7715CF6A-3C67-4593-84A4-AC57BB745909}
		{E1D8F1EF-3496-4164-AC92-E8BC6CEAE3C1} = {5377AE80-6721-4EDC-B3EA-EC6F86A69E73}
		{82DD0670-D8F5-4108-917F-5EA56707CF84} = {5377AE80-6721-4EDC-B3EA-EC6F86A69E73}
		{F4233932-ABDC-4DA5-97F7-40BF437E5A00} = {E1D8F1EF-3496-4164-AC92-E8BC6CEAE3C1}
		{574F8C4F-EED9-4400-870C-DC08E9E86A87} = {E1D8F1EF-3496-4164-AC92-E8BC6CEAE3C1}
		{3746E7BD-04B1-4A00-9531-6EAEA541D455} = {E1D8F1EF-3496-4164-AC92-E8BC6CEAE3C1}
		{1FAD85BC-CEE2-4100-BBC4-9F7D343CAE9C} = {E1D8F1EF-3496-4164-AC92-E8BC6CEAE3C1}
		{A7B20F0C-7F41-4278-BC30-F6EA203D5F36} = {EFA392D4-1593-4997-9F60-C4B049BF3120}
		{A7D996E0-FF13-4C86-B370-E1D7AD402D15} = {EFA392D4-1593-4997-9F60-C4B049BF3120}
		{9EF13650-4B8F-4D85-BD63-B46798C0F644} = {A7B20F0C-7F41-4278-BC30-F6EA203D5F36}
	EndGlobalSection
	GlobalSection(ExtensibilityGlobals) = postSolution
		SolutionGuid = {250848E7-728B-433F-8E06-75D0A7055840}
	EndGlobalSection
EndGlobal
